# This file was autogenerated by Stack.
# You should not edit this file by hand.
# For more information, please see the documentation at:
#   https://docs.haskellstack.org/en/stable/lock_files

packages:
- completed:
    hackage: aeson-schemas-1.2.0@sha256:b10b28f8e10c1155a3e45532c4a827b2a2c30c05d25d9504d4738b4792d8bb70,6595
    pantry-tree:
      size: 7982
      sha256: c5783c15b5f64e5f6e7459f69385db175539750f3431158072e0b625148948c5
  original:
    hackage: aeson-schemas-1.2.0
- completed:
    size: 17069
    url: https://github.com/LeapYear/github-rest/archive/0f90f10eeede4697f0faba569734f87fdc07c61a.tar.gz
    name: github-rest
    version: 1.0.3
    sha256: 4adc597aad4fe71b1ce11f136d834c1d0dbcfdeeec870b1ccd8560ad44522a6e
    pantry-tree:
      size: 2030
      sha256: 6c59a31abae53d6df9e580926425250bb596f76e297a254f71e2623f7e99a210
  original:
    url: https://github.com/LeapYear/github-rest/archive/0f90f10eeede4697f0faba569734f87fdc07c61a.tar.gz
- completed:
    hackage: graphql-client-1.0.0@sha256:e4a75dd1da432c2e2cf2f4cfae91ae3a9641867b8e96f317e55a4b3df2a4df2f,3909
    pantry-tree:
      size: 1356
      sha256: bc31a66b6b17721791bf2a421f742211fcabf900eabb7c4c61d1d43205e6e6e1
  original:
    hackage: graphql-client-1.0.0
snapshots:
- completed:
    size: 532380
    url: https://raw.githubusercontent.com/commercialhaskell/stackage-snapshots/master/lts/16/9.yaml
    sha256: 14a7cec114424e4286adde73364438927a553ed248cc50f069a30a67e3ee1e69
  original: lts-16.9
