# This file was autogenerated by Stack.
# You should not edit this file by hand.
# For more information, please see the documentation at:
#   https://docs.haskellstack.org/en/stable/lock_files

packages:
- completed:
    hackage: aeson-schemas-1.0.2@sha256:26f194a3da01811e63af76549b2ff826dc3aff11d3f2e04a5bdbdf067ed3feb6,5758
    pantry-tree:
      size: 6332
      sha256: ca237814be039327db202bba8624eb98cef98736d9dbceb9319ceee994f6e51c
  original:
    hackage: aeson-schemas-1.0.2
- completed:
    hackage: jwt-0.9.0@sha256:82df51e48d2c7a6773bac7cd0f99f221107e7124db5d118f828dc08af025edee,4179
    pantry-tree:
      size: 1027
      sha256: b5d2fea8ec4a71942be093a6e6fc59ac55e70afae9146ab4720ce38eb4176744
  original:
    hackage: jwt-0.9.0
- completed:
    hackage: th-test-utils-1.0.0@sha256:f636044afb84810b4ec134ac4dc98a4b1826a51002580f1ecad8b3a325804ed4,2086
    pantry-tree:
      size: 392
      sha256: 1ca4692c8f08a6ea56e8a4796fc65316f94a48139bfb1c90c2165b4060a0ff58
  original:
    hackage: th-test-utils-1.0.0
snapshots:
- completed:
    size: 495191
    url: https://raw.githubusercontent.com/commercialhaskell/stackage-snapshots/master/lts/13/5.yaml
    sha256: 9aa96e7a2183db5bd50fc78c463b9738b73b036818cfb4106b82c62e652b7fcf
  original: lts-13.5
