# This file was autogenerated by Stack.
# You should not edit this file by hand.
# For more information, please see the documentation at:
#   https://docs.haskellstack.org/en/stable/lock_files

packages:
- completed:
    hackage: github-rest-1.1.0@sha256:ef5dd05c35eb00fdc9fe132a36bb667cfb31dfbcbea812b24a7b664955f83623,3206
    pantry-tree:
      size: 1247
      sha256: d86ae449e65f1cea96b323f1adb834ef8ec89d3d5b1ed37030826e948c843d47
  original:
    hackage: github-rest-1.1.0
snapshots:
- completed:
    size: 585817
    url: https://raw.githubusercontent.com/commercialhaskell/stackage-snapshots/master/lts/18/5.yaml
    sha256: 22d24d0dacad9c1450b9a174c28d203f9bb482a2a8da9710a2f2a9f4afee2887
  original: lts-18.5
